{
  "originHash" : "d4bde1c4e2ad04621d786a9887d44ddbbfd4e70218bf453f91a219e93748628c",
  "pins" : [
    {
      "identity" : "colorvector",
      "kind" : "remoteSourceControl",
      "location" : "https://github.com/Lakr233/ColorVector.git",
      "state" : {
        "revision" : "6dc3839b6060b835aed8dc82d2d620cc3b4ebe33",
        "version" : "2.0.0"
      }
    },
    {
      "identity" : "displaylink",
      "kind" : "remoteSourceControl",
      "location" : "https://github.com/Lakr233/DisplayLink.git",
      "state" : {
        "revision" : "41bea2661e04bebcb1c4f15fc0b6197850100fdd",
        "version" : "3.0.1"
      }
    },
    {
      "identity" : "springinterpolation",
      "kind" : "remoteSourceControl",
      "location" : "https://github.com/Lakr233/SpringInterpolation.git",
      "state" : {
        "revision" : "c98d56c895abc41b3f78097dae7ab6dfb015e147",
        "version" : "3.0.1"
      }
    }
  ],
  "version" : 3
}
