{
  "originHash" : "ca6afcb154fbca9dd58c7e52c64cebad1d7e0fa5e15aeff17802db9457ee9f97",
  "pins" : [
    {
      "identity" : "colorvector",
      "kind" : "remoteSourceControl",
      "location" : "https://github.com/Lakr233/ColorVector.git",
      "state" : {
        "revision" : "0cd0169f1487d7371ee3fd7fe93f1e918fd93d00",
        "version" : "1.0.5"
      }
    },
    {
      "identity" : "displaylink",
      "kind" : "remoteSourceControl",
      "location" : "https://github.com/Lakr233/DisplayLink.git",
      "state" : {
        "revision" : "41bea2661e04bebcb1c4f15fc0b6197850100fdd",
        "version" : "3.0.1"
      }
    },
    {
      "identity" : "lookinside-release",
      "kind" : "remoteSourceControl",
      "location" : "https://github.com/LookInsideApp/LookInside-Release.git",
      "state" : {
        "revision" : "73cab4bc34ffcdc0ec9fadb5b81d9a8c49a36c93",
        "version" : "0.2.9"
      }
    },
    {
      "identity" : "springinterpolation",
      "kind" : "remoteSourceControl",
      "location" : "https://github.com/Lakr233/SpringInterpolation.git",
      "state" : {
        "revision" : "c98d56c895abc41b3f78097dae7ab6dfb015e147",
        "version" : "3.0.1"
      }
    }
  ],
  "version" : 3
}
