{
  "originHash" : "1228db014f218a5c07d1edec356ad1a993f3fd2043b7160d7603c61a0f2ac904",
  "pins" : [
    {
      "identity" : "colorvector",
      "kind" : "remoteSourceControl",
      "location" : "https://github.com/Lakr233/ColorVector.git",
      "state" : {
        "revision" : "6da8726bf38d68eb943d0f2139ac2a1fac70e65b",
        "version" : "1.0.4"
      }
    },
    {
      "identity" : "displaylink",
      "kind" : "remoteSourceControl",
      "location" : "https://github.com/Lakr233/DisplayLink.git",
      "state" : {
        "revision" : "110051a86f2f074105c1502301d687c4c9597a1c",
        "version" : "3.0.0"
      }
    },
    {
      "identity" : "lookinside-release",
      "kind" : "remoteSourceControl",
      "location" : "https://github.com/LookInsideApp/LookInside-Release.git",
      "state" : {
        "revision" : "73cab4bc34ffcdc0ec9fadb5b81d9a8c49a36c93",
        "version" : "0.2.9"
      }
    },
    {
      "identity" : "springinterpolation",
      "kind" : "remoteSourceControl",
      "location" : "https://github.com/Lakr233/SpringInterpolation.git",
      "state" : {
        "revision" : "c98d56c895abc41b3f78097dae7ab6dfb015e147",
        "version" : "3.0.1"
      }
    }
  ],
  "version" : 3
}
